// !$*UTF8*$!
{
	archiveVersion = 1;
	classes = {
	};
	objectVersion = 50;
	objects = {

/* Begin PBXBuildFile section */
		DD3E82D423C27C190062AAF4 /* AppDelegate.swift in Sources */ = {isa = PBXBuildFile; fileRef = DD3E82D323C27C190062AAF4 /* AppDelegate.swift */; };
		DD3E82D623C27C190062AAF4 /* SceneDelegate.swift in Sources */ = {isa = PBXBuildFile; fileRef = DD3E82D523C27C190062AAF4 /* SceneDelegate.swift */; };
		DD3E82D823C27C190062AAF4 /* ViewController.swift in Sources */ = {isa = PBXBuildFile; fileRef = DD3E82D723C27C190062AAF4 /* ViewController.swift */; };
		DD3E82DB23C27C190062AAF4 /* Main.storyboard in Resources */ = {isa = PBXBuildFile; fileRef = DD3E82D923C27C190062AAF4 /* Main.storyboard */; };
		DD3E82DD23C27C1A0062AAF4 /* Assets.xcassets in Resources */ = {isa = PBXBuildFile; fileRef = DD3E82DC23C27C1A0062AAF4 /* Assets.xcassets */; };
		DD3E82E023C27C1A0062AAF4 /* LaunchScreen.storyboard in Resources */ = {isa = PBXBuildFile; fileRef = DD3E82DE23C27C1A0062AAF4 /* LaunchScreen.storyboard */; };
		DD3E82ED23C289670062AAF4 /* LoginViewController.swift in Sources */ = {isa = PBXBuildFile; fileRef = DD3E82EC23C289670062AAF4 /* LoginViewController.swift */; };
		DD3E82EF23C289740062AAF4 /* RegisterViewController.swift in Sources */ = {isa = PBXBuildFile; fileRef = DD3E82EE23C289740062AAF4 /* RegisterViewController.swift */; };
		DD3E82F123C28C0B0062AAF4 /* MainViewController.swift in Sources */ = {isa = PBXBuildFile; fileRef = DD3E82F023C28C0B0062AAF4 /* MainViewController.swift */; };
/* End PBXBuildFile section */

/* Begin PBXFileReference section */
		DD3E82D023C27C190062AAF4 /* CPL_Interface.app */ = {isa = PBXFileReference; explicitFileType = wrapper.application; includeInIndex = 0; path = CPL_Interface.app; sourceTree = BUILT_PRODUCTS_DIR; };
		DD3E82D323C27C190062AAF4 /* AppDelegate.swift */ = {isa = PBXFileReference; lastKnownFileType = sourcecode.swift; path = AppDelegate.swift; sourceTree = "<group>"; };
		DD3E82D523C27C190062AAF4 /* SceneDelegate.swift */ = {isa = PBXFileReference; lastKnownFileType = sourcecode.swift; path = SceneDelegate.swift; sourceTree = "<group>"; };
		DD3E82D723C27C190062AAF4 /* ViewController.swift */ = {isa = PBXFileReference; lastKnownFileType = sourcecode.swift; path = ViewController.swift; sourceTree = "<group>"; };
		DD3E82DA23C27C190062AAF4 /* Base */ = {isa = PBXFileReference; lastKnownFileType = file.storyboard; name = Base; path = Base.lproj/Main.storyboard; sourceTree = "<group>"; };
		DD3E82DC23C27C1A0062AAF4 /* Assets.xcassets */ = {isa = PBXFileReference; lastKnownFileType = folder.assetcatalog; path = Assets.xcassets; sourceTree = "<group>"; };
		DD3E82DF23C27C1A0062AAF4 /* Base */ = {isa = PBXFileReference; lastKnownFileType = file.storyboard; name = Base; path = Base.lproj/LaunchScreen.storyboard; sourceTree = "<group>"; };
		DD3E82E123C27C1A0062AAF4 /* Info.plist */ = {isa = PBXFileReference; lastKnownFileType = text.plist.xml; path = Info.plist; sourceTree = "<group>"; };
		DD3E82EC23C289670062AAF4 /* LoginViewController.swift */ = {isa = PBXFileReference; lastKnownFileType = sourcecode.swift; path = LoginViewController.swift; sourceTree = "<group>"; };
		DD3E82EE23C289740062AAF4 /* RegisterViewController.swift */ = {isa = PBXFileReference; lastKnownFileType = sourcecode.swift; path = RegisterViewController.swift; sourceTree = "<group>"; };
		DD3E82F023C28C0B0062AAF4 /* MainViewController.swift */ = {isa = PBXFileReference; lastKnownFileType = sourcecode.swift; path = MainViewController.swift; sourceTree = "<group>"; };
/* End PBXFileReference section */

/* Begin PBXFrameworksBuildPhase section */
		DD3E82CD23C27C190062AAF4 /* Frameworks */ = {
			isa = PBXFrameworksBuildPhase;
			buildActionMask = 2147483647;
			files = (
			);
			runOnlyForDeploymentPostprocessing = 0;
		};
/* End PBXFrameworksBuildPhase section */

/* Begin PBXGroup section */
		DD3E82C723C27C190062AAF4 = {
			isa = PBXGroup;
			children = (
				DD3E82D223C27C190062AAF4 /* CPL_Interface */,
				DD3E82D123C27C190062AAF4 /* Products */,
			);
			sourceTree = "<group>";
		};
		DD3E82D123C27C190062AAF4 /* Products */ = {
			isa = PBXGroup;
			children = (
				DD3E82D023C27C190062AAF4 /* CPL_Interface.app */,
			);
			name = Products;
			sourceTree = "<group>";
		};
		DD3E82D223C27C190062AAF4 /* CPL_Interface */ = {
			isa = PBXGroup;
			children = (
				DD3E82D323C27C190062AAF4 /* AppDelegate.swift */,
				DD3E82D523C27C190062AAF4 /* SceneDelegate.swift */,
				DD3E82E723C27C290062AAF4 /* Model */,
				DD3E82E823C27C350062AAF4 /* View */,
				DD3E82E923C27C410062AAF4 /* Controller */,
				DD3E82DC23C27C1A0062AAF4 /* Assets.xcassets */,
				DD3E82DE23C27C1A0062AAF4 /* LaunchScreen.storyboard */,
				DD3E82E123C27C1A0062AAF4 /* Info.plist */,
			);
			path = CPL_Interface;
			sourceTree = "<group>";
		};
		DD3E82E723C27C290062AAF4 /* Model */ = {
			isa = PBXGroup;
			children = (
			);
			path = Model;
			sourceTree = "<group>";
		};
		DD3E82E823C27C350062AAF4 /* View */ = {
			isa = PBXGroup;
			children = (
				DD3E82D923C27C190062AAF4 /* Main.storyboard */,
			);
			path = View;
			sourceTree = "<group>";
		};
		DD3E82E923C27C410062AAF4 /* Controller */ = {
			isa = PBXGroup;
			children = (
				DD3E82D723C27C190062AAF4 /* ViewController.swift */,
				DD3E82EC23C289670062AAF4 /* LoginViewController.swift */,
				DD3E82EE23C289740062AAF4 /* RegisterViewController.swift */,
				DD3E82F023C28C0B0062AAF4 /* MainViewController.swift */,
			);
			path = Controller;
			sourceTree = "<group>";
		};
/* End PBXGroup section */

/* Begin PBXNativeTarget section */
		DD3E82CF23C27C190062AAF4 /* CPL_Interface */ = {
			isa = PBXNativeTarget;
			buildConfigurationList = DD3E82E423C27C1A0062AAF4 /* Build configuration list for PBXNativeTarget "CPL_Interface" */;
			buildPhases = (
				DD3E82CC23C27C190062AAF4 /* Sources */,
				DD3E82CD23C27C190062AAF4 /* Frameworks */,
				DD3E82CE23C27C190062AAF4 /* Resources */,
			);
			buildRules = (
			);
			dependencies = (
			);
			name = CPL_Interface;
			productName = CPL_Interface;
			productReference = DD3E82D023C27C190062AAF4 /* CPL_Interface.app */;
			productType = "com.apple.product-type.application";
		};
/* End PBXNativeTarget section */

/* Begin PBXProject section */
		DD3E82C823C27C190062AAF4 /* Project object */ = {
			isa = PBXProject;
			attributes = {
				LastSwiftUpdateCheck = 1130;
				LastUpgradeCheck = 1130;
				ORGANIZATIONNAME = "Luke Son";
				TargetAttributes = {
					DD3E82CF23C27C190062AAF4 = {
						CreatedOnToolsVersion = 11.3;
					};
				};
			};
			buildConfigurationList = DD3E82CB23C27C190062AAF4 /* Build configuration list for PBXProject "CPL_Interface" */;
			compatibilityVersion = "Xcode 9.3";
			developmentRegion = en;
			hasScannedForEncodings = 0;
			knownRegions = (
				en,
				Base,
			);
			mainGroup = DD3E82C723C27C190062AAF4;
			productRefGroup = DD3E82D123C27C190062AAF4 /* Products */;
			projectDirPath = "";
			projectRoot = "";
			targets = (
				DD3E82CF23C27C190062AAF4 /* CPL_Interface */,
			);
		};
/* End PBXProject section */

/* Begin PBXResourcesBuildPhase section */
		DD3E82CE23C27C190062AAF4 /* Resources */ = {
			isa = PBXResourcesBuildPhase;
			buildActionMask = 2147483647;
			files = (
				DD3E82E023C27C1A0062AAF4 /* LaunchScreen.storyboard in Resources */,
				DD3E82DD23C27C1A0062AAF4 /* Assets.xcassets in Resources */,
				DD3E82DB23C27C190062AAF4 /* Main.storyboard in Resources */,
			);
			runOnlyForDeploymentPostprocessing = 0;
		};
/* End PBXResourcesBuildPhase section */

/* Begin PBXSourcesBuildPhase section */
		DD3E82CC23C27C190062AAF4 /* Sources */ = {
			isa = PBXSourcesBuildPhase;
			buildActionMask = 2147483647;
			files = (
				DD3E82ED23C289670062AAF4 /* LoginViewController.swift in Sources */,
				DD3E82EF23C289740062AAF4 /* RegisterViewController.swift in Sources */,
				DD3E82D823C27C190062AAF4 /* ViewController.swift in Sources */,
				DD3E82F123C28C0B0062AAF4 /* MainViewController.swift in Sources */,
				DD3E82D423C27C190062AAF4 /* AppDelegate.swift in Sources */,
				DD3E82D623C27C190062AAF4 /* SceneDelegate.swift in Sources */,
			);
			runOnlyForDeploymentPostprocessing = 0;
		};
/* End PBXSourcesBuildPhase section */

/* Begin PBXVariantGroup section */
		DD3E82D923C27C190062AAF4 /* Main.storyboard */ = {
			isa = PBXVariantGroup;
			children = (
				DD3E82DA23C27C190062AAF4 /* Base */,
			);
			name = Main.storyboard;
			sourceTree = "<group>";
		};
		DD3E82DE23C27C1A0062AAF4 /* LaunchScreen.storyboard */ = {
			isa = PBXVariantGroup;
			children = (
				DD3E82DF23C27C1A0062AAF4 /* Base */,
			);
			name = LaunchScreen.storyboard;
			sourceTree = "<group>";
		};
/* End PBXVariantGroup section */

/* Begin XCBuildConfiguration section */
		DD3E82E223C27C1A0062AAF4 /* Debug */ = {
			isa = XCBuildConfiguration;
			buildSettings = {
				ALWAYS_SEARCH_USER_PATHS = NO;
				CLANG_ANALYZER_NONNULL = YES;
				CLANG_ANALYZER_NUMBER_OBJECT_CONVERSION = YES_AGGRESSIVE;
				CLANG_CXX_LANGUAGE_STANDARD = "gnu++14";
				CLANG_CXX_LIBRARY = "libc++";
				CLANG_ENABLE_MODULES = YES;
				CLANG_ENABLE_OBJC_ARC = YES;
				CLANG_ENABLE_OBJC_WEAK = YES;
				CLANG_WARN_BLOCK_CAPTURE_AUTORELEASING = YES;
				CLANG_WARN_BOOL_CONVERSION = YES;
				CLANG_WARN_COMMA = YES;
				CLANG_WARN_CONSTANT_CONVERSION = YES;
				CLANG_WARN_DEPRECATED_OBJC_IMPLEMENTATIONS = YES;
				CLANG_WARN_DIRECT_OBJC_ISA_USAGE = YES_ERROR;
				CLANG_WARN_DOCUMENTATION_COMMENTS = YES;
				CLANG_WARN_EMPTY_BODY = YES;
				CLANG_WARN_ENUM_CONVERSION = YES;
				CLANG_WARN_INFINITE_RECURSION = YES;
				CLANG_WARN_INT_CONVERSION = YES;
				CLANG_WARN_NON_LITERAL_NULL_CONVERSION = YES;
				CLANG_WARN_OBJC_IMPLICIT_RETAIN_SELF = YES;
				CLANG_WARN_OBJC_LITERAL_CONVERSION = YES;
				CLANG_WARN_OBJC_ROOT_CLASS = YES_ERROR;
				CLANG_WARN_RANGE_LOOP_ANALYSIS = YES;
				CLANG_WARN_STRICT_PROTOTYPES = YES;
				CLANG_WARN_SUSPICIOUS_MOVE = YES;
				CLANG_WARN_UNGUARDED_AVAILABILITY = YES_AGGRESSIVE;
				CLANG_WARN_UNREACHABLE_CODE = YES;
				CLANG_WARN__DUPLICATE_METHOD_MATCH = YES;
				COPY_PHASE_STRIP = NO;
				DEBUG_INFORMATION_FORMAT = dwarf;
				ENABLE_STRICT_OBJC_MSGSEND = YES;
				ENABLE_TESTABILITY = YES;
				GCC_C_LANGUAGE_STANDARD = gnu11;
				GCC_DYNAMIC_NO_PIC = NO;
				GCC_NO_COMMON_BLOCKS = YES;
				GCC_OPTIMIZATION_LEVEL = 0;
				GCC_PREPROCESSOR_DEFINITIONS = (
					"DEBUG=1",
					"$(inherited)",
				);
				GCC_WARN_64_TO_32_BIT_CONVERSION = YES;
				GCC_WARN_ABOUT_RETURN_TYPE = YES_ERROR;
				GCC_WARN_UNDECLARED_SELECTOR = YES;
				GCC_WARN_UNINITIALIZED_AUTOS = YES_AGGRESSIVE;
				GCC_WARN_UNUSED_FUNCTION = YES;
				GCC_WARN_UNUSED_VARIABLE = YES;
				IPHONEOS_DEPLOYMENT_TARGET = 13.2;
				MTL_ENABLE_DEBUG_INFO = INCLUDE_SOURCE;
				MTL_FAST_MATH = YES;
				ONLY_ACTIVE_ARCH = YES;
				SDKROOT = iphoneos;
				SWIFT_ACTIVE_COMPILATION_CONDITIONS = DEBUG;
				SWIFT_OPTIMIZATION_LEVEL = "-Onone";
			};
			name = Debug;
		};
		DD3E82E323C27C1A0062AAF4 /* Release */ = {
			isa = XCBuildConfiguration;
			buildSettings = {
				ALWAYS_SEARCH_USER_PATHS = NO;
				CLANG_ANALYZER_NONNULL = YES;
				CLANG_ANALYZER_NUMBER_OBJECT_CONVERSION = YES_AGGRESSIVE;
				CLANG_CXX_LANGUAGE_STANDARD = "gnu++14";
				CLANG_CXX_LIBRARY = "libc++";
				CLANG_ENABLE_MODULES = YES;
				CLANG_ENABLE_OBJC_ARC = YES;
				CLANG_ENABLE_OBJC_WEAK = YES;
				CLANG_WARN_BLOCK_CAPTURE_AUTORELEASING = YES;
				CLANG_WARN_BOOL_CONVERSION = YES;
				CLANG_WARN_COMMA = YES;
				CLANG_WARN_CONSTANT_CONVERSION = YES;
				CLANG_WARN_DEPRECATED_OBJC_IMPLEMENTATIONS = YES;
				CLANG_WARN_DIRECT_OBJC_ISA_USAGE = YES_ERROR;
				CLANG_WARN_DOCUMENTATION_COMMENTS = YES;
				CLANG_WARN_EMPTY_BODY = YES;
				CLANG_WARN_ENUM_CONVERSION = YES;
				CLANG_WARN_INFINITE_RECURSION = YES;
				CLANG_WARN_INT_CONVERSION = YES;
				CLANG_WARN_NON_LITERAL_NULL_CONVERSION = YES;
				CLANG_WARN_OBJC_IMPLICIT_RETAIN_SELF = YES;
				CLANG_WARN_OBJC_LITERAL_CONVERSION = YES;
				CLANG_WARN_OBJC_ROOT_CLASS = YES_ERROR;
				CLANG_WARN_RANGE_LOOP_ANALYSIS = YES;
				CLANG_WARN_STRICT_PROTOTYPES = YES;
				CLANG_WARN_SUSPICIOUS_MOVE = YES;
				CLANG_WARN_UNGUARDED_AVAILABILITY = YES_AGGRESSIVE;
				CLANG_WARN_UNREACHABLE_CODE = YES;
				CLANG_WARN__DUPLICATE_METHOD_MATCH = YES;
				COPY_PHASE_STRIP = NO;
				DEBUG_INFORMATION_FORMAT = "dwarf-with-dsym";
				ENABLE_NS_ASSERTIONS = NO;
				ENABLE_STRICT_OBJC_MSGSEND = YES;
				GCC_C_LANGUAGE_STANDARD = gnu11;
				GCC_NO_COMMON_BLOCKS = YES;
				GCC_WARN_64_TO_32_BIT_CONVERSION = YES;
				GCC_WARN_ABOUT_RETURN_TYPE = YES_ERROR;
				GCC_WARN_UNDECLARED_SELECTOR = YES;
				GCC_WARN_UNINITIALIZED_AUTOS = YES_AGGRESSIVE;
				GCC_WARN_UNUSED_FUNCTION = YES;
				GCC_WARN_UNUSED_VARIABLE = YES;
				IPHONEOS_DEPLOYMENT_TARGET = 13.2;
				MTL_ENABLE_DEBUG_INFO = NO;
				MTL_FAST_MATH = YES;
				SDKROOT = iphoneos;
				SWIFT_COMPILATION_MODE = wholemodule;
				SWIFT_OPTIMIZATION_LEVEL = "-O";
				VALIDATE_PRODUCT = YES;
			};
			name = Release;
		};
		DD3E82E523C27C1A0062AAF4 /* Debug */ = {
			isa = XCBuildConfiguration;
			buildSettings = {
				ASSETCATALOG_COMPILER_APPICON_NAME = AppIcon;
				CODE_SIGN_STYLE = Automatic;
				INFOPLIST_FILE = CPL_Interface/Info.plist;
				LD_RUNPATH_SEARCH_PATHS = (
					"$(inherited)",
					"@executable_path/Frameworks",
				);
				PRODUCT_BUNDLE_IDENTIFIER = "com.lukeson.CPL-Interface";
				PRODUCT_NAME = "$(TARGET_NAME)";
				SWIFT_VERSION = 5.0;
				TARGETED_DEVICE_FAMILY = "1,2";
			};
			name = Debug;
		};
		DD3E82E623C27C1A0062AAF4 /* Release */ = {
			isa = XCBuildConfiguration;
			buildSettings = {
				ASSETCATALOG_COMPILER_APPICON_NAME = AppIcon;
				CODE_SIGN_STYLE = Automatic;
				INFOPLIST_FILE = CPL_Interface/Info.plist;
				LD_RUNPATH_SEARCH_PATHS = (
					"$(inherited)",
					"@executable_path/Frameworks",
				);
				PRODUCT_BUNDLE_IDENTIFIER = "com.lukeson.CPL-Interface";
				PRODUCT_NAME = "$(TARGET_NAME)";
				SWIFT_VERSION = 5.0;
				TARGETED_DEVICE_FAMILY = "1,2";
			};
			name = Release;
		};
/* End XCBuildConfiguration section */

/* Begin XCConfigurationList section */
		DD3E82CB23C27C190062AAF4 /* Build configuration list for PBXProject "CPL_Interface" */ = {
			isa = XCConfigurationList;
			buildConfigurations = (
				DD3E82E223C27C1A0062AAF4 /* Debug */,
				DD3E82E323C27C1A0062AAF4 /* Release */,
			);
			defaultConfigurationIsVisible = 0;
			defaultConfigurationName = Release;
		};
		DD3E82E423C27C1A0062AAF4 /* Build configuration list for PBXNativeTarget "CPL_Interface" */ = {
			isa = XCConfigurationList;
			buildConfigurations = (
				DD3E82E523C27C1A0062AAF4 /* Debug */,
				DD3E82E623C27C1A0062AAF4 /* Release */,
			);
			defaultConfigurationIsVisible = 0;
			defaultConfigurationName = Release;
		};
/* End XCConfigurationList section */
	};
	rootObject = DD3E82C823C27C190062AAF4 /* Project object */;
}
